
Microsoft Visual Studio Solution File, Format Version 12.00
# Visual Studio Version 17
VisualStudioVersion = 17.4.33403.182
MinimumVisualStudioVersion = 10.0.40219.1
Project("{FAE04EC0-301F-11D3-BF4B-00C04F79EFBC}") = "API.Adapter", "API.Adapter\API.Adapter.csproj", "{5710732C-D848-44E3-A757-90BB17FE3343}"
EndProject
Global
	GlobalSection(SolutionConfigurationPlatforms) = preSolution
		Debug|Any CPU = Debug|Any CPU
		Release|Any CPU = Release|Any CPU
	EndGlobalSection
	GlobalSection(ProjectConfigurationPlatforms) = postSolution
		{5710732C-D848-44E3-A757-90BB17FE3343}.Debug|Any CPU.ActiveCfg = Debug|Any CPU
		{5710732C-D848-44E3-A757-90BB17FE3343}.Debug|Any CPU.Build.0 = Debug|Any CPU
		{5710732C-D848-44E3-A757-90BB17FE3343}.Release|Any CPU.ActiveCfg = Release|Any CPU
		{5710732C-D848-44E3-A757-90BB17FE3343}.Release|Any CPU.Build.0 = Release|Any CPU
	EndGlobalSection
	GlobalSection(SolutionProperties) = preSolution
		HideSolutionNode = FALSE
	EndGlobalSection
	GlobalSection(ExtensibilityGlobals) = postSolution
		SolutionGuid = {B4D6F46B-9C54-440B-8D59-D12B27B6762E}
	EndGlobalSection
EndGlobal
